
Microsoft Visual Studio Solution File, Format Version 12.00
# Visual Studio Version 17
VisualStudioVersion = 17.9.34622.214
MinimumVisualStudioVersion = 10.0.40219.1
Project("{FAE04EC0-301F-11D3-BF4B-00C04F79EFBC}") = "ConsoleApp4", "ConsoleApp4\ConsoleApp4.csproj", "{310B39D0-B6FC-413D-897B-B8780354473F}"
EndProject
Global
	GlobalSection(SolutionConfigurationPlatforms) = preSolution
		Debug|Any CPU = Debug|Any CPU
		Release|Any CPU = Release|Any CPU
	EndGlobalSection
	GlobalSection(ProjectConfigurationPlatforms) = postSolution
		{310B39D0-B6FC-413D-897B-B8780354473F}.Debug|Any CPU.ActiveCfg = Debug|Any CPU
		{310B39D0-B6FC-413D-897B-B8780354473F}.Debug|Any CPU.Build.0 = Debug|Any CPU
		{310B39D0-B6FC-413D-897B-B8780354473F}.Release|Any CPU.ActiveCfg = Release|Any CPU
		{310B39D0-B6FC-413D-897B-B8780354473F}.Release|Any CPU.Build.0 = Release|Any CPU
	EndGlobalSection
	GlobalSection(SolutionProperties) = preSolution
		HideSolutionNode = FALSE
	EndGlobalSection
	GlobalSection(ExtensibilityGlobals) = postSolution
		SolutionGuid = {A5D237C5-3E0D-4224-B598-A6B254C009F7}
	EndGlobalSection
EndGlobal
